// !$*UTF8*$!
{
	archiveVersion = 1;
	classes = {
	};
	objectVersion = 51;
	objects = {

/* Begin PBXBuildFile section */
		0424746325F3887D00BB415E /* CircularImageView.swift in Sources */ = {isa = PBXBuildFile; fileRef = 0424746225F3887D00BB415E /* CircularImageView.swift */; };
		0485ECEC25F2630C0044F610 /* PaginationModels.swift in Sources */ = {isa = PBXBuildFile; fileRef = 0485ECEB25F2630C0044F610 /* PaginationModels.swift */; };
		0485ECF025F263790044F610 /* PaginationHelper.swift in Sources */ = {isa = PBXBuildFile; fileRef = 0485ECEF25F263790044F610 /* PaginationHelper.swift */; };
		0485ECFB25F265400044F610 /* PaginatedRepos.swift in Sources */ = {isa = PBXBuildFile; fileRef = 0485ECFA25F265400044F610 /* PaginatedRepos.swift */; };
		0485ED0125F279C60044F610 /* BaseAdapter.swift in Sources */ = {isa = PBXBuildFile; fileRef = 0485ED0025F279C60044F610 /* BaseAdapter.swift */; };
		0485ED0425F279FF0044F610 /* ReposAdapter.swift in Sources */ = {isa = PBXBuildFile; fileRef = 0485ED0325F279FF0044F610 /* ReposAdapter.swift */; };
		0485ED0725F27A740044F610 /* NoResultsAdapter.swift in Sources */ = {isa = PBXBuildFile; fileRef = 0485ED0625F27A740044F610 /* NoResultsAdapter.swift */; };
		049A2EB525F16996009A04FA /* AppDelegate.swift in Sources */ = {isa = PBXBuildFile; fileRef = 049A2EB425F16996009A04FA /* AppDelegate.swift */; };
		049A2EB725F16996009A04FA /* SceneDelegate.swift in Sources */ = {isa = PBXBuildFile; fileRef = 049A2EB625F16996009A04FA /* SceneDelegate.swift */; };
		049A2EBC25F16996009A04FA /* Main.storyboard in Resources */ = {isa = PBXBuildFile; fileRef = 049A2EBA25F16996009A04FA /* Main.storyboard */; };
		049A2EBE25F1699B009A04FA /* Assets.xcassets in Resources */ = {isa = PBXBuildFile; fileRef = 049A2EBD25F1699B009A04FA /* Assets.xcassets */; };
		049A2EC125F1699B009A04FA /* LaunchScreen.storyboard in Resources */ = {isa = PBXBuildFile; fileRef = 049A2EBF25F1699B009A04FA /* LaunchScreen.storyboard */; };
		049A2ECD25F16ACD009A04FA /* ReposListContract.swift in Sources */ = {isa = PBXBuildFile; fileRef = 049A2ECC25F16ACD009A04FA /* ReposListContract.swift */; };
		049A2ED125F16AEA009A04FA /* ReposListPresenterImp.swift in Sources */ = {isa = PBXBuildFile; fileRef = 049A2ED025F16AEA009A04FA /* ReposListPresenterImp.swift */; };
		049A2ED425F16B07009A04FA /* ReposListViewController.swift in Sources */ = {isa = PBXBuildFile; fileRef = 049A2ED325F16B07009A04FA /* ReposListViewController.swift */; };
		049A2EF825F176C2009A04FA /* DiContainer.swift in Sources */ = {isa = PBXBuildFile; fileRef = 049A2EF725F176C2009A04FA /* DiContainer.swift */; };
		049A2F0425F17A04009A04FA /* ReposListCell.swift in Sources */ = {isa = PBXBuildFile; fileRef = 049A2F0125F17A04009A04FA /* ReposListCell.swift */; };
		049A2F0625F17A04009A04FA /* ReposListCell.xib in Resources */ = {isa = PBXBuildFile; fileRef = 049A2F0325F17A04009A04FA /* ReposListCell.xib */; };
		049A2F0B25F17B70009A04FA /* Extensions.swift in Sources */ = {isa = PBXBuildFile; fileRef = 049A2F0A25F17B70009A04FA /* Extensions.swift */; };
		049A2F1425F18CE9009A04FA /* NoResultsCell.swift in Sources */ = {isa = PBXBuildFile; fileRef = 049A2F1125F18CE9009A04FA /* NoResultsCell.swift */; };
		049A2F1625F18CE9009A04FA /* NoResultsCell.xib in Resources */ = {isa = PBXBuildFile; fileRef = 049A2F1325F18CE9009A04FA /* NoResultsCell.xib */; };
		049A2F2425F18F6B009A04FA /* NetworkErrorView.swift in Sources */ = {isa = PBXBuildFile; fileRef = 049A2F2225F18F6B009A04FA /* NetworkErrorView.swift */; };
		049A2F2525F18F6B009A04FA /* NetworkErrorView.xib in Resources */ = {isa = PBXBuildFile; fileRef = 049A2F2325F18F6B009A04FA /* NetworkErrorView.xib */; };
		049F1E8825F2229A00143DA5 /* DataManager.swift in Sources */ = {isa = PBXBuildFile; fileRef = 049F1E8725F2229A00143DA5 /* DataManager.swift */; };
		049F1E8C25F222AD00143DA5 /* DataManagerImp.swift in Sources */ = {isa = PBXBuildFile; fileRef = 049F1E8B25F222AD00143DA5 /* DataManagerImp.swift */; };
		049F1E9425F2278300143DA5 /* GithubRepoModel.swift in Sources */ = {isa = PBXBuildFile; fileRef = 049F1E9325F2278300143DA5 /* GithubRepoModel.swift */; };
		04CCDE5625F2A80D003974AA /* RepoDetailsViewController.swift in Sources */ = {isa = PBXBuildFile; fileRef = 04CCDE5525F2A80D003974AA /* RepoDetailsViewController.swift */; };
		04CCDE5B25F37B98003974AA /* ImageLoader.swift in Sources */ = {isa = PBXBuildFile; fileRef = 04CCDE5A25F37B97003974AA /* ImageLoader.swift */; };
		04CCDE5E25F37ED1003974AA /* UIImageLoader.swift in Sources */ = {isa = PBXBuildFile; fileRef = 04CCDE5D25F37ED1003974AA /* UIImageLoader.swift */; };
		04CCEA1A25F3A5C2008303D9 /* NetworkingHelper.swift in Sources */ = {isa = PBXBuildFile; fileRef = 04CCEA1925F3A5C2008303D9 /* NetworkingHelper.swift */; };
		04CCEA2525F3B3AD008303D9 /* iOSTechnicalTaskUnitTests.swift in Sources */ = {isa = PBXBuildFile; fileRef = 04CCEA2425F3B3AD008303D9 /* iOSTechnicalTaskUnitTests.swift */; };
		92568E102653554AF5E0A94D /* Pods_iOSTechnicalTask.framework in Frameworks */ = {isa = PBXBuildFile; fileRef = F0B9ACE461966C4AC51B232C /* Pods_iOSTechnicalTask.framework */; };
/* End PBXBuildFile section */

/* Begin PBXContainerItemProxy section */
		04CCEA2725F3B3AD008303D9 /* PBXContainerItemProxy */ = {
			isa = PBXContainerItemProxy;
			containerPortal = 049A2EA925F16996009A04FA /* Project object */;
			proxyType = 1;
			remoteGlobalIDString = 049A2EB025F16996009A04FA;
			remoteInfo = iOSTechnicalTask;
		};
/* End PBXContainerItemProxy section */

/* Begin PBXFileReference section */
		0424746225F3887D00BB415E /* CircularImageView.swift */ = {isa = PBXFileReference; lastKnownFileType = sourcecode.swift; path = CircularImageView.swift; sourceTree = "<group>"; };
		0485ECEB25F2630C0044F610 /* PaginationModels.swift */ = {isa = PBXFileReference; lastKnownFileType = sourcecode.swift; path = PaginationModels.swift; sourceTree = "<group>"; };
		0485ECEF25F263790044F610 /* PaginationHelper.swift */ = {isa = PBXFileReference; lastKnownFileType = sourcecode.swift; path = PaginationHelper.swift; sourceTree = "<group>"; };
		0485ECFA25F265400044F610 /* PaginatedRepos.swift */ = {isa = PBXFileReference; lastKnownFileType = sourcecode.swift; path = PaginatedRepos.swift; sourceTree = "<group>"; };
		0485ED0025F279C60044F610 /* BaseAdapter.swift */ = {isa = PBXFileReference; lastKnownFileType = sourcecode.swift; path = BaseAdapter.swift; sourceTree = "<group>"; };
		0485ED0325F279FF0044F610 /* ReposAdapter.swift */ = {isa = PBXFileReference; lastKnownFileType = sourcecode.swift; path = ReposAdapter.swift; sourceTree = "<group>"; };
		0485ED0625F27A740044F610 /* NoResultsAdapter.swift */ = {isa = PBXFileReference; lastKnownFileType = sourcecode.swift; path = NoResultsAdapter.swift; sourceTree = "<group>"; };
		049A2EB125F16996009A04FA /* iOSTechnicalTask.app */ = {isa = PBXFileReference; explicitFileType = wrapper.application; includeInIndex = 0; path = iOSTechnicalTask.app; sourceTree = BUILT_PRODUCTS_DIR; };
		049A2EB425F16996009A04FA /* AppDelegate.swift */ = {isa = PBXFileReference; lastKnownFileType = sourcecode.swift; path = AppDelegate.swift; sourceTree = "<group>"; };
		049A2EB625F16996009A04FA /* SceneDelegate.swift */ = {isa = PBXFileReference; lastKnownFileType = sourcecode.swift; path = SceneDelegate.swift; sourceTree = "<group>"; };
		049A2EBB25F16996009A04FA /* Base */ = {isa = PBXFileReference; lastKnownFileType = file.storyboard; name = Base; path = Base.lproj/Main.storyboard; sourceTree = "<group>"; };
		049A2EBD25F1699B009A04FA /* Assets.xcassets */ = {isa = PBXFileReference; lastKnownFileType = folder.assetcatalog; path = Assets.xcassets; sourceTree = "<group>"; };
		049A2EC025F1699B009A04FA /* Base */ = {isa = PBXFileReference; lastKnownFileType = file.storyboard; name = Base; path = Base.lproj/LaunchScreen.storyboard; sourceTree = "<group>"; };
		049A2EC225F1699B009A04FA /* Info.plist */ = {isa = PBXFileReference; lastKnownFileType = text.plist.xml; path = Info.plist; sourceTree = "<group>"; };
		049A2ECC25F16ACD009A04FA /* ReposListContract.swift */ = {isa = PBXFileReference; lastKnownFileType = sourcecode.swift; path = ReposListContract.swift; sourceTree = "<group>"; };
		049A2ED025F16AEA009A04FA /* ReposListPresenterImp.swift */ = {isa = PBXFileReference; lastKnownFileType = sourcecode.swift; path = ReposListPresenterImp.swift; sourceTree = "<group>"; };
		049A2ED325F16B07009A04FA /* ReposListViewController.swift */ = {isa = PBXFileReference; lastKnownFileType = sourcecode.swift; path = ReposListViewController.swift; sourceTree = "<group>"; };
		049A2EF725F176C2009A04FA /* DiContainer.swift */ = {isa = PBXFileReference; lastKnownFileType = sourcecode.swift; path = DiContainer.swift; sourceTree = "<group>"; };
		049A2F0125F17A04009A04FA /* ReposListCell.swift */ = {isa = PBXFileReference; lastKnownFileType = sourcecode.swift; path = ReposListCell.swift; sourceTree = "<group>"; };
		049A2F0325F17A04009A04FA /* ReposListCell.xib */ = {isa = PBXFileReference; lastKnownFileType = file.xib; path = ReposListCell.xib; sourceTree = "<group>"; };
		049A2F0A25F17B70009A04FA /* Extensions.swift */ = {isa = PBXFileReference; lastKnownFileType = sourcecode.swift; path = Extensions.swift; sourceTree = "<group>"; };
		049A2F1125F18CE9009A04FA /* NoResultsCell.swift */ = {isa = PBXFileReference; lastKnownFileType = sourcecode.swift; path = NoResultsCell.swift; sourceTree = "<group>"; };
		049A2F1325F18CE9009A04FA /* NoResultsCell.xib */ = {isa = PBXFileReference; lastKnownFileType = file.xib; path = NoResultsCell.xib; sourceTree = "<group>"; };
		049A2F2225F18F6B009A04FA /* NetworkErrorView.swift */ = {isa = PBXFileReference; lastKnownFileType = sourcecode.swift; path = NetworkErrorView.swift; sourceTree = "<group>"; };
		049A2F2325F18F6B009A04FA /* NetworkErrorView.xib */ = {isa = PBXFileReference; lastKnownFileType = file.xib; path = NetworkErrorView.xib; sourceTree = "<group>"; };
		049F1E8725F2229A00143DA5 /* DataManager.swift */ = {isa = PBXFileReference; lastKnownFileType = sourcecode.swift; path = DataManager.swift; sourceTree = "<group>"; };
		049F1E8B25F222AD00143DA5 /* DataManagerImp.swift */ = {isa = PBXFileReference; lastKnownFileType = sourcecode.swift; path = DataManagerImp.swift; sourceTree = "<group>"; };
		049F1E9325F2278300143DA5 /* GithubRepoModel.swift */ = {isa = PBXFileReference; lastKnownFileType = sourcecode.swift; path = GithubRepoModel.swift; sourceTree = "<group>"; };
		04CCDE5525F2A80D003974AA /* RepoDetailsViewController.swift */ = {isa = PBXFileReference; lastKnownFileType = sourcecode.swift; path = RepoDetailsViewController.swift; sourceTree = "<group>"; };
		04CCDE5A25F37B97003974AA /* ImageLoader.swift */ = {isa = PBXFileReference; lastKnownFileType = sourcecode.swift; path = ImageLoader.swift; sourceTree = "<group>"; };
		04CCDE5D25F37ED1003974AA /* UIImageLoader.swift */ = {isa = PBXFileReference; lastKnownFileType = sourcecode.swift; path = UIImageLoader.swift; sourceTree = "<group>"; };
		04CCEA1925F3A5C2008303D9 /* NetworkingHelper.swift */ = {isa = PBXFileReference; lastKnownFileType = sourcecode.swift; path = NetworkingHelper.swift; sourceTree = "<group>"; };
		04CCEA2225F3B3AD008303D9 /* iOSTechnicalTaskUnitTests.xctest */ = {isa = PBXFileReference; explicitFileType = wrapper.cfbundle; includeInIndex = 0; path = iOSTechnicalTaskUnitTests.xctest; sourceTree = BUILT_PRODUCTS_DIR; };
		04CCEA2425F3B3AD008303D9 /* iOSTechnicalTaskUnitTests.swift */ = {isa = PBXFileReference; lastKnownFileType = sourcecode.swift; path = iOSTechnicalTaskUnitTests.swift; sourceTree = "<group>"; };
		04CCEA2625F3B3AD008303D9 /* Info.plist */ = {isa = PBXFileReference; lastKnownFileType = text.plist.xml; path = Info.plist; sourceTree = "<group>"; };
		1D16B53E633567E29CD567C1 /* Pods-iOSTechnicalTask.release.xcconfig */ = {isa = PBXFileReference; includeInIndex = 1; lastKnownFileType = text.xcconfig; name = "Pods-iOSTechnicalTask.release.xcconfig"; path = "Target Support Files/Pods-iOSTechnicalTask/Pods-iOSTechnicalTask.release.xcconfig"; sourceTree = "<group>"; };
		BF1AF83E007DB6ED546DA4D7 /* Pods-iOSTechnicalTask.debug.xcconfig */ = {isa = PBXFileReference; includeInIndex = 1; lastKnownFileType = text.xcconfig; name = "Pods-iOSTechnicalTask.debug.xcconfig"; path = "Target Support Files/Pods-iOSTechnicalTask/Pods-iOSTechnicalTask.debug.xcconfig"; sourceTree = "<group>"; };
		F0B9ACE461966C4AC51B232C /* Pods_iOSTechnicalTask.framework */ = {isa = PBXFileReference; explicitFileType = wrapper.framework; includeInIndex = 0; path = Pods_iOSTechnicalTask.framework; sourceTree = BUILT_PRODUCTS_DIR; };
/* End PBXFileReference section */

/* Begin PBXFrameworksBuildPhase section */
		049A2EAE25F16996009A04FA /* Frameworks */ = {
			isa = PBXFrameworksBuildPhase;
			buildActionMask = 2147483647;
			files = (
				92568E102653554AF5E0A94D /* Pods_iOSTechnicalTask.framework in Frameworks */,
			);
			runOnlyForDeploymentPostprocessing = 0;
		};
		04CCEA1F25F3B3AD008303D9 /* Frameworks */ = {
			isa = PBXFrameworksBuildPhase;
			buildActionMask = 2147483647;
			files = (
			);
			runOnlyForDeploymentPostprocessing = 0;
		};
/* End PBXFrameworksBuildPhase section */

/* Begin PBXGroup section */
		0424746125F3886900BB415E /* CustomViews */ = {
			isa = PBXGroup;
			children = (
				0424746225F3887D00BB415E /* CircularImageView.swift */,
			);
			path = CustomViews;
			sourceTree = "<group>";
		};
		0485ECE925F262FA0044F610 /* PaginationHelper */ = {
			isa = PBXGroup;
			children = (
				0485ECEB25F2630C0044F610 /* PaginationModels.swift */,
				0485ECEF25F263790044F610 /* PaginationHelper.swift */,
			);
			path = PaginationHelper;
			sourceTree = "<group>";
		};
		0485ECFF25F279AF0044F610 /* TableViewAdapters */ = {
			isa = PBXGroup;
			children = (
				0485ED0025F279C60044F610 /* BaseAdapter.swift */,
				0485ED0325F279FF0044F610 /* ReposAdapter.swift */,
				0485ED0625F27A740044F610 /* NoResultsAdapter.swift */,
			);
			path = TableViewAdapters;
			sourceTree = "<group>";
		};
		049A2EA825F16996009A04FA = {
			isa = PBXGroup;
			children = (
				049A2EB325F16996009A04FA /* iOSTechnicalTask */,
				04CCEA2325F3B3AD008303D9 /* iOSTechnicalTaskUnitTests */,
				049A2EB225F16996009A04FA /* Products */,
				E5F0F7B3C7FCACA91812643B /* Pods */,
				09BBE38EFF011C4DBFB20C59 /* Frameworks */,
			);
			sourceTree = "<group>";
		};
		049A2EB225F16996009A04FA /* Products */ = {
			isa = PBXGroup;
			children = (
				049A2EB125F16996009A04FA /* iOSTechnicalTask.app */,
				04CCEA2225F3B3AD008303D9 /* iOSTechnicalTaskUnitTests.xctest */,
			);
			name = Products;
			sourceTree = "<group>";
		};
		049A2EB325F16996009A04FA /* iOSTechnicalTask */ = {
			isa = PBXGroup;
			children = (
				049F1E8625F221DA00143DA5 /* DataManager */,
				049A2ECA25F16AAC009A04FA /* UI */,
				049A2EB425F16996009A04FA /* AppDelegate.swift */,
				049A2EB625F16996009A04FA /* SceneDelegate.swift */,
				049A2EBA25F16996009A04FA /* Main.storyboard */,
				049A2EBD25F1699B009A04FA /* Assets.xcassets */,
				049A2EBF25F1699B009A04FA /* LaunchScreen.storyboard */,
				049A2EC225F1699B009A04FA /* Info.plist */,
			);
			path = iOSTechnicalTask;
			sourceTree = "<group>";
		};
		049A2EC925F16A9E009A04FA /* ReposList */ = {
			isa = PBXGroup;
			children = (
				0485ECFF25F279AF0044F610 /* TableViewAdapters */,
				049A2F0F25F18CD5009A04FA /* Cells */,
				049A2ECC25F16ACD009A04FA /* ReposListContract.swift */,
				049A2ED025F16AEA009A04FA /* ReposListPresenterImp.swift */,
				049A2ED325F16B07009A04FA /* ReposListViewController.swift */,
			);
			path = ReposList;
			sourceTree = "<group>";
		};
		049A2ECA25F16AAC009A04FA /* UI */ = {
			isa = PBXGroup;
			children = (
				049A2F1925F18E5D009A04FA /* NetworkErrorView */,
				049A2F0925F17B64009A04FA /* Utils */,
				049A2EF625F176A8009A04FA /* Di */,
				049A2ECB25F16AB0009A04FA /* RepoDetails */,
				049A2EC925F16A9E009A04FA /* ReposList */,
			);
			path = UI;
			sourceTree = "<group>";
		};
		049A2ECB25F16AB0009A04FA /* RepoDetails */ = {
			isa = PBXGroup;
			children = (
				04CCDE5525F2A80D003974AA /* RepoDetailsViewController.swift */,
			);
			path = RepoDetails;
			sourceTree = "<group>";
		};
		049A2EF625F176A8009A04FA /* Di */ = {
			isa = PBXGroup;
			children = (
				049A2EF725F176C2009A04FA /* DiContainer.swift */,
			);
			path = Di;
			sourceTree = "<group>";
		};
		049A2F0025F179F6009A04FA /* ReposListCell */ = {
			isa = PBXGroup;
			children = (
				049A2F0125F17A04009A04FA /* ReposListCell.swift */,
				049A2F0325F17A04009A04FA /* ReposListCell.xib */,
			);
			path = ReposListCell;
			sourceTree = "<group>";
		};
		049A2F0925F17B64009A04FA /* Utils */ = {
			isa = PBXGroup;
			children = (
				0424746125F3886900BB415E /* CustomViews */,
				04CCDE6025F386AA003974AA /* ImageLoader */,
				049A2F0A25F17B70009A04FA /* Extensions.swift */,
			);
			path = Utils;
			sourceTree = "<group>";
		};
		049A2F0F25F18CD5009A04FA /* Cells */ = {
			isa = PBXGroup;
			children = (
				049A2F1025F18CDA009A04FA /* NoResultCell */,
				049A2F0025F179F6009A04FA /* ReposListCell */,
			);
			path = Cells;
			sourceTree = "<group>";
		};
		049A2F1025F18CDA009A04FA /* NoResultCell */ = {
			isa = PBXGroup;
			children = (
				049A2F1125F18CE9009A04FA /* NoResultsCell.swift */,
				049A2F1325F18CE9009A04FA /* NoResultsCell.xib */,
			);
			path = NoResultCell;
			sourceTree = "<group>";
		};
		049A2F1925F18E5D009A04FA /* NetworkErrorView */ = {
			isa = PBXGroup;
			children = (
				049A2F2225F18F6B009A04FA /* NetworkErrorView.swift */,
				049A2F2325F18F6B009A04FA /* NetworkErrorView.xib */,
			);
			path = NetworkErrorView;
			sourceTree = "<group>";
		};
		049F1E8625F221DA00143DA5 /* DataManager */ = {
			isa = PBXGroup;
			children = (
				0485ECE925F262FA0044F610 /* PaginationHelper */,
				049F1E9225F2276F00143DA5 /* Models */,
				049F1E8725F2229A00143DA5 /* DataManager.swift */,
				049F1E8B25F222AD00143DA5 /* DataManagerImp.swift */,
				04CCEA1925F3A5C2008303D9 /* NetworkingHelper.swift */,
			);
			path = DataManager;
			sourceTree = "<group>";
		};
		049F1E9225F2276F00143DA5 /* Models */ = {
			isa = PBXGroup;
			children = (
				049F1E9325F2278300143DA5 /* GithubRepoModel.swift */,
				0485ECFA25F265400044F610 /* PaginatedRepos.swift */,
			);
			path = Models;
			sourceTree = "<group>";
		};
		04CCDE6025F386AA003974AA /* ImageLoader */ = {
			isa = PBXGroup;
			children = (
				04CCDE5A25F37B97003974AA /* ImageLoader.swift */,
				04CCDE5D25F37ED1003974AA /* UIImageLoader.swift */,
			);
			path = ImageLoader;
			sourceTree = "<group>";
		};
		04CCEA2325F3B3AD008303D9 /* iOSTechnicalTaskUnitTests */ = {
			isa = PBXGroup;
			children = (
				04CCEA2425F3B3AD008303D9 /* iOSTechnicalTaskUnitTests.swift */,
				04CCEA2625F3B3AD008303D9 /* Info.plist */,
			);
			path = iOSTechnicalTaskUnitTests;
			sourceTree = "<group>";
		};
		09BBE38EFF011C4DBFB20C59 /* Frameworks */ = {
			isa = PBXGroup;
			children = (
				F0B9ACE461966C4AC51B232C /* Pods_iOSTechnicalTask.framework */,
			);
			name = Frameworks;
			sourceTree = "<group>";
		};
		E5F0F7B3C7FCACA91812643B /* Pods */ = {
			isa = PBXGroup;
			children = (
				BF1AF83E007DB6ED546DA4D7 /* Pods-iOSTechnicalTask.debug.xcconfig */,
				1D16B53E633567E29CD567C1 /* Pods-iOSTechnicalTask.release.xcconfig */,
			);
			path = Pods;
			sourceTree = "<group>";
		};
/* End PBXGroup section */

/* Begin PBXNativeTarget section */
		049A2EB025F16996009A04FA /* iOSTechnicalTask */ = {
			isa = PBXNativeTarget;
			buildConfigurationList = 049A2EC525F1699B009A04FA /* Build configuration list for PBXNativeTarget "iOSTechnicalTask" */;
			buildPhases = (
				766E974615E06F74D8E4C0BA /* [CP] Check Pods Manifest.lock */,
				049A2EAD25F16996009A04FA /* Sources */,
				049A2EAE25F16996009A04FA /* Frameworks */,
				049A2EAF25F16996009A04FA /* Resources */,
				F31807D9C5D14EA9BBA476E0 /* [CP] Embed Pods Frameworks */,
			);
			buildRules = (
			);
			dependencies = (
			);
			name = iOSTechnicalTask;
			productName = iOSTechnicalTask;
			productReference = 049A2EB125F16996009A04FA /* iOSTechnicalTask.app */;
			productType = "com.apple.product-type.application";
		};
		04CCEA2125F3B3AD008303D9 /* iOSTechnicalTaskUnitTests */ = {
			isa = PBXNativeTarget;
			buildConfigurationList = 04CCEA2925F3B3AD008303D9 /* Build configuration list for PBXNativeTarget "iOSTechnicalTaskUnitTests" */;
			buildPhases = (
				04CCEA1E25F3B3AD008303D9 /* Sources */,
				04CCEA1F25F3B3AD008303D9 /* Frameworks */,
				04CCEA2025F3B3AD008303D9 /* Resources */,
			);
			buildRules = (
			);
			dependencies = (
				04CCEA2825F3B3AD008303D9 /* PBXTargetDependency */,
			);
			name = iOSTechnicalTaskUnitTests;
			productName = iOSTechnicalTaskUnitTests;
			productReference = 04CCEA2225F3B3AD008303D9 /* iOSTechnicalTaskUnitTests.xctest */;
			productType = "com.apple.product-type.bundle.unit-test";
		};
/* End PBXNativeTarget section */

/* Begin PBXProject section */
		049A2EA925F16996009A04FA /* Project object */ = {
			isa = PBXProject;
			attributes = {
				LastSwiftUpdateCheck = 1200;
				LastUpgradeCheck = 1200;
				TargetAttributes = {
					049A2EB025F16996009A04FA = {
						CreatedOnToolsVersion = 12.0.1;
					};
					04CCEA2125F3B3AD008303D9 = {
						CreatedOnToolsVersion = 12.0.1;
						TestTargetID = 049A2EB025F16996009A04FA;
					};
				};
			};
			buildConfigurationList = 049A2EAC25F16996009A04FA /* Build configuration list for PBXProject "iOSTechnicalTask" */;
			compatibilityVersion = "Xcode 9.3";
			developmentRegion = en;
			hasScannedForEncodings = 0;
			knownRegions = (
				en,
				Base,
			);
			mainGroup = 049A2EA825F16996009A04FA;
			productRefGroup = 049A2EB225F16996009A04FA /* Products */;
			projectDirPath = "";
			projectRoot = "";
			targets = (
				049A2EB025F16996009A04FA /* iOSTechnicalTask */,
				04CCEA2125F3B3AD008303D9 /* iOSTechnicalTaskUnitTests */,
			);
		};
/* End PBXProject section */

/* Begin PBXResourcesBuildPhase section */
		049A2EAF25F16996009A04FA /* Resources */ = {
			isa = PBXResourcesBuildPhase;
			buildActionMask = 2147483647;
			files = (
				049A2EC125F1699B009A04FA /* LaunchScreen.storyboard in Resources */,
				049A2EBE25F1699B009A04FA /* Assets.xcassets in Resources */,
				049A2F2525F18F6B009A04FA /* NetworkErrorView.xib in Resources */,
				049A2F1625F18CE9009A04FA /* NoResultsCell.xib in Resources */,
				049A2EBC25F16996009A04FA /* Main.storyboard in Resources */,
				049A2F0625F17A04009A04FA /* ReposListCell.xib in Resources */,
			);
			runOnlyForDeploymentPostprocessing = 0;
		};
		04CCEA2025F3B3AD008303D9 /* Resources */ = {
			isa = PBXResourcesBuildPhase;
			buildActionMask = 2147483647;
			files = (
			);
			runOnlyForDeploymentPostprocessing = 0;
		};
/* End PBXResourcesBuildPhase section */

/* Begin PBXShellScriptBuildPhase section */
		766E974615E06F74D8E4C0BA /* [CP] Check Pods Manifest.lock */ = {
			isa = PBXShellScriptBuildPhase;
			buildActionMask = 2147483647;
			files = (
			);
			inputFileListPaths = (
			);
			inputPaths = (
				"${PODS_PODFILE_DIR_PATH}/Podfile.lock",
				"${PODS_ROOT}/Manifest.lock",
			);
			name = "[CP] Check Pods Manifest.lock";
			outputFileListPaths = (
			);
			outputPaths = (
				"$(DERIVED_FILE_DIR)/Pods-iOSTechnicalTask-checkManifestLockResult.txt",
			);
			runOnlyForDeploymentPostprocessing = 0;
			shellPath = /bin/sh;
			shellScript = "diff \"${PODS_PODFILE_DIR_PATH}/Podfile.lock\" \"${PODS_ROOT}/Manifest.lock\" > /dev/null\nif [ $? != 0 ] ; then\n    # print error to STDERR\n    echo \"error: The sandbox is not in sync with the Podfile.lock. Run 'pod install' or update your CocoaPods installation.\" >&2\n    exit 1\nfi\n# This output is used by Xcode 'outputs' to avoid re-running this script phase.\necho \"SUCCESS\" > \"${SCRIPT_OUTPUT_FILE_0}\"\n";
			showEnvVarsInLog = 0;
		};
		F31807D9C5D14EA9BBA476E0 /* [CP] Embed Pods Frameworks */ = {
			isa = PBXShellScriptBuildPhase;
			buildActionMask = 2147483647;
			files = (
			);
			inputFileListPaths = (
				"${PODS_ROOT}/Target Support Files/Pods-iOSTechnicalTask/Pods-iOSTechnicalTask-frameworks-${CONFIGURATION}-input-files.xcfilelist",
			);
			name = "[CP] Embed Pods Frameworks";
			outputFileListPaths = (
				"${PODS_ROOT}/Target Support Files/Pods-iOSTechnicalTask/Pods-iOSTechnicalTask-frameworks-${CONFIGURATION}-output-files.xcfilelist",
			);
			runOnlyForDeploymentPostprocessing = 0;
			shellPath = /bin/sh;
			shellScript = "\"${PODS_ROOT}/Target Support Files/Pods-iOSTechnicalTask/Pods-iOSTechnicalTask-frameworks.sh\"\n";
			showEnvVarsInLog = 0;
		};
/* End PBXShellScriptBuildPhase section */

/* Begin PBXSourcesBuildPhase section */
		049A2EAD25F16996009A04FA /* Sources */ = {
			isa = PBXSourcesBuildPhase;
			buildActionMask = 2147483647;
			files = (
				049A2EF825F176C2009A04FA /* DiContainer.swift in Sources */,
				049A2F1425F18CE9009A04FA /* NoResultsCell.swift in Sources */,
				0485ED0125F279C60044F610 /* BaseAdapter.swift in Sources */,
				049F1E8C25F222AD00143DA5 /* DataManagerImp.swift in Sources */,
				049A2ED125F16AEA009A04FA /* ReposListPresenterImp.swift in Sources */,
				04CCDE5625F2A80D003974AA /* RepoDetailsViewController.swift in Sources */,
				049A2ED425F16B07009A04FA /* ReposListViewController.swift in Sources */,
				049A2ECD25F16ACD009A04FA /* ReposListContract.swift in Sources */,
				049F1E9425F2278300143DA5 /* GithubRepoModel.swift in Sources */,
				04CCEA1A25F3A5C2008303D9 /* NetworkingHelper.swift in Sources */,
				049A2EB525F16996009A04FA /* AppDelegate.swift in Sources */,
				049A2F2425F18F6B009A04FA /* NetworkErrorView.swift in Sources */,
				0485ECF025F263790044F610 /* PaginationHelper.swift in Sources */,
				049A2F0425F17A04009A04FA /* ReposListCell.swift in Sources */,
				0485ECFB25F265400044F610 /* PaginatedRepos.swift in Sources */,
				04CCDE5B25F37B98003974AA /* ImageLoader.swift in Sources */,
				0424746325F3887D00BB415E /* CircularImageView.swift in Sources */,
				049F1E8825F2229A00143DA5 /* DataManager.swift in Sources */,
				04CCDE5E25F37ED1003974AA /* UIImageLoader.swift in Sources */,
				0485ED0725F27A740044F610 /* NoResultsAdapter.swift in Sources */,
				0485ED0425F279FF0044F610 /* ReposAdapter.swift in Sources */,
				049A2F0B25F17B70009A04FA /* Extensions.swift in Sources */,
				049A2EB725F16996009A04FA /* SceneDelegate.swift in Sources */,
				0485ECEC25F2630C0044F610 /* PaginationModels.swift in Sources */,
			);
			runOnlyForDeploymentPostprocessing = 0;
		};
		04CCEA1E25F3B3AD008303D9 /* Sources */ = {
			isa = PBXSourcesBuildPhase;
			buildActionMask = 2147483647;
			files = (
				04CCEA2525F3B3AD008303D9 /* iOSTechnicalTaskUnitTests.swift in Sources */,
			);
			runOnlyForDeploymentPostprocessing = 0;
		};
/* End PBXSourcesBuildPhase section */

/* Begin PBXTargetDependency section */
		04CCEA2825F3B3AD008303D9 /* PBXTargetDependency */ = {
			isa = PBXTargetDependency;
			target = 049A2EB025F16996009A04FA /* iOSTechnicalTask */;
			targetProxy = 04CCEA2725F3B3AD008303D9 /* PBXContainerItemProxy */;
		};
/* End PBXTargetDependency section */

/* Begin PBXVariantGroup section */
		049A2EBA25F16996009A04FA /* Main.storyboard */ = {
			isa = PBXVariantGroup;
			children = (
				049A2EBB25F16996009A04FA /* Base */,
			);
			name = Main.storyboard;
			sourceTree = "<group>";
		};
		049A2EBF25F1699B009A04FA /* LaunchScreen.storyboard */ = {
			isa = PBXVariantGroup;
			children = (
				049A2EC025F1699B009A04FA /* Base */,
			);
			name = LaunchScreen.storyboard;
			sourceTree = "<group>";
		};
/* End PBXVariantGroup section */

/* Begin XCBuildConfiguration section */
		049A2EC325F1699B009A04FA /* Debug */ = {
			isa = XCBuildConfiguration;
			buildSettings = {
				ALWAYS_SEARCH_USER_PATHS = NO;
				CLANG_ANALYZER_NONNULL = YES;
				CLANG_ANALYZER_NUMBER_OBJECT_CONVERSION = YES_AGGRESSIVE;
				CLANG_CXX_LANGUAGE_STANDARD = "gnu++14";
				CLANG_CXX_LIBRARY = "libc++";
				CLANG_ENABLE_MODULES = YES;
				CLANG_ENABLE_OBJC_ARC = YES;
				CLANG_ENABLE_OBJC_WEAK = YES;
				CLANG_WARN_BLOCK_CAPTURE_AUTORELEASING = YES;
				CLANG_WARN_BOOL_CONVERSION = YES;
				CLANG_WARN_COMMA = YES;
				CLANG_WARN_CONSTANT_CONVERSION = YES;
				CLANG_WARN_DEPRECATED_OBJC_IMPLEMENTATIONS = YES;
				CLANG_WARN_DIRECT_OBJC_ISA_USAGE = YES_ERROR;
				CLANG_WARN_DOCUMENTATION_COMMENTS = YES;
				CLANG_WARN_EMPTY_BODY = YES;
				CLANG_WARN_ENUM_CONVERSION = YES;
				CLANG_WARN_INFINITE_RECURSION = YES;
				CLANG_WARN_INT_CONVERSION = YES;
				CLANG_WARN_NON_LITERAL_NULL_CONVERSION = YES;
				CLANG_WARN_OBJC_IMPLICIT_RETAIN_SELF = YES;
				CLANG_WARN_OBJC_LITERAL_CONVERSION = YES;
				CLANG_WARN_OBJC_ROOT_CLASS = YES_ERROR;
				CLANG_WARN_QUOTED_INCLUDE_IN_FRAMEWORK_HEADER = YES;
				CLANG_WARN_RANGE_LOOP_ANALYSIS = YES;
				CLANG_WARN_STRICT_PROTOTYPES = YES;
				CLANG_WARN_SUSPICIOUS_MOVE = YES;
				CLANG_WARN_UNGUARDED_AVAILABILITY = YES_AGGRESSIVE;
				CLANG_WARN_UNREACHABLE_CODE = YES;
				CLANG_WARN__DUPLICATE_METHOD_MATCH = YES;
				COPY_PHASE_STRIP = NO;
				DEBUG_INFORMATION_FORMAT = dwarf;
				ENABLE_STRICT_OBJC_MSGSEND = YES;
				ENABLE_TESTABILITY = YES;
				GCC_C_LANGUAGE_STANDARD = gnu11;
				GCC_DYNAMIC_NO_PIC = NO;
				GCC_NO_COMMON_BLOCKS = YES;
				GCC_OPTIMIZATION_LEVEL = 0;
				GCC_PREPROCESSOR_DEFINITIONS = (
					"DEBUG=1",
					"$(inherited)",
				);
				GCC_WARN_64_TO_32_BIT_CONVERSION = YES;
				GCC_WARN_ABOUT_RETURN_TYPE = YES_ERROR;
				GCC_WARN_UNDECLARED_SELECTOR = YES;
				GCC_WARN_UNINITIALIZED_AUTOS = YES_AGGRESSIVE;
				GCC_WARN_UNUSED_FUNCTION = YES;
				GCC_WARN_UNUSED_VARIABLE = YES;
				IPHONEOS_DEPLOYMENT_TARGET = 14.0;
				MTL_ENABLE_DEBUG_INFO = INCLUDE_SOURCE;
				MTL_FAST_MATH = YES;
				ONLY_ACTIVE_ARCH = YES;
				SDKROOT = iphoneos;
				SWIFT_ACTIVE_COMPILATION_CONDITIONS = DEBUG;
				SWIFT_OPTIMIZATION_LEVEL = "-Onone";
			};
			name = Debug;
		};
		049A2EC425F1699B009A04FA /* Release */ = {
			isa = XCBuildConfiguration;
			buildSettings = {
				ALWAYS_SEARCH_USER_PATHS = NO;
				CLANG_ANALYZER_NONNULL = YES;
				CLANG_ANALYZER_NUMBER_OBJECT_CONVERSION = YES_AGGRESSIVE;
				CLANG_CXX_LANGUAGE_STANDARD = "gnu++14";
				CLANG_CXX_LIBRARY = "libc++";
				CLANG_ENABLE_MODULES = YES;
				CLANG_ENABLE_OBJC_ARC = YES;
				CLANG_ENABLE_OBJC_WEAK = YES;
				CLANG_WARN_BLOCK_CAPTURE_AUTORELEASING = YES;
				CLANG_WARN_BOOL_CONVERSION = YES;
				CLANG_WARN_COMMA = YES;
				CLANG_WARN_CONSTANT_CONVERSION = YES;
				CLANG_WARN_DEPRECATED_OBJC_IMPLEMENTATIONS = YES;
				CLANG_WARN_DIRECT_OBJC_ISA_USAGE = YES_ERROR;
				CLANG_WARN_DOCUMENTATION_COMMENTS = YES;
				CLANG_WARN_EMPTY_BODY = YES;
				CLANG_WARN_ENUM_CONVERSION = YES;
				CLANG_WARN_INFINITE_RECURSION = YES;
				CLANG_WARN_INT_CONVERSION = YES;
				CLANG_WARN_NON_LITERAL_NULL_CONVERSION = YES;
				CLANG_WARN_OBJC_IMPLICIT_RETAIN_SELF = YES;
				CLANG_WARN_OBJC_LITERAL_CONVERSION = YES;
				CLANG_WARN_OBJC_ROOT_CLASS = YES_ERROR;
				CLANG_WARN_QUOTED_INCLUDE_IN_FRAMEWORK_HEADER = YES;
				CLANG_WARN_RANGE_LOOP_ANALYSIS = YES;
				CLANG_WARN_STRICT_PROTOTYPES = YES;
				CLANG_WARN_SUSPICIOUS_MOVE = YES;
				CLANG_WARN_UNGUARDED_AVAILABILITY = YES_AGGRESSIVE;
				CLANG_WARN_UNREACHABLE_CODE = YES;
				CLANG_WARN__DUPLICATE_METHOD_MATCH = YES;
				COPY_PHASE_STRIP = NO;
				DEBUG_INFORMATION_FORMAT = "dwarf-with-dsym";
				ENABLE_NS_ASSERTIONS = NO;
				ENABLE_STRICT_OBJC_MSGSEND = YES;
				GCC_C_LANGUAGE_STANDARD = gnu11;
				GCC_NO_COMMON_BLOCKS = YES;
				GCC_WARN_64_TO_32_BIT_CONVERSION = YES;
				GCC_WARN_ABOUT_RETURN_TYPE = YES_ERROR;
				GCC_WARN_UNDECLARED_SELECTOR = YES;
				GCC_WARN_UNINITIALIZED_AUTOS = YES_AGGRESSIVE;
				GCC_WARN_UNUSED_FUNCTION = YES;
				GCC_WARN_UNUSED_VARIABLE = YES;
				IPHONEOS_DEPLOYMENT_TARGET = 14.0;
				MTL_ENABLE_DEBUG_INFO = NO;
				MTL_FAST_MATH = YES;
				SDKROOT = iphoneos;
				SWIFT_COMPILATION_MODE = wholemodule;
				SWIFT_OPTIMIZATION_LEVEL = "-O";
				VALIDATE_PRODUCT = YES;
			};
			name = Release;
		};
		049A2EC625F1699B009A04FA /* Debug */ = {
			isa = XCBuildConfiguration;
			baseConfigurationReference = BF1AF83E007DB6ED546DA4D7 /* Pods-iOSTechnicalTask.debug.xcconfig */;
			buildSettings = {
				ASSETCATALOG_COMPILER_APPICON_NAME = AppIcon;
				ASSETCATALOG_COMPILER_GLOBAL_ACCENT_COLOR_NAME = AccentColor;
				CODE_SIGN_STYLE = Automatic;
				INFOPLIST_FILE = iOSTechnicalTask/Info.plist;
				LD_RUNPATH_SEARCH_PATHS = (
					"$(inherited)",
					"@executable_path/Frameworks",
				);
				PRODUCT_BUNDLE_IDENTIFIER = Omar.iOSTechnicalTask;
				PRODUCT_NAME = "$(TARGET_NAME)";
				SWIFT_VERSION = 5.0;
				TARGETED_DEVICE_FAMILY = "1,2";
			};
			name = Debug;
		};
		049A2EC725F1699B009A04FA /* Release */ = {
			isa = XCBuildConfiguration;
			baseConfigurationReference = 1D16B53E633567E29CD567C1 /* Pods-iOSTechnicalTask.release.xcconfig */;
			buildSettings = {
				ASSETCATALOG_COMPILER_APPICON_NAME = AppIcon;
				ASSETCATALOG_COMPILER_GLOBAL_ACCENT_COLOR_NAME = AccentColor;
				CODE_SIGN_STYLE = Automatic;
				INFOPLIST_FILE = iOSTechnicalTask/Info.plist;
				LD_RUNPATH_SEARCH_PATHS = (
					"$(inherited)",
					"@executable_path/Frameworks",
				);
				PRODUCT_BUNDLE_IDENTIFIER = Omar.iOSTechnicalTask;
				PRODUCT_NAME = "$(TARGET_NAME)";
				SWIFT_VERSION = 5.0;
				TARGETED_DEVICE_FAMILY = "1,2";
			};
			name = Release;
		};
		04CCEA2A25F3B3AD008303D9 /* Debug */ = {
			isa = XCBuildConfiguration;
			buildSettings = {
				BUNDLE_LOADER = "$(TEST_HOST)";
				CODE_SIGN_STYLE = Automatic;
				INFOPLIST_FILE = iOSTechnicalTaskUnitTests/Info.plist;
				LD_RUNPATH_SEARCH_PATHS = (
					"$(inherited)",
					"@executable_path/Frameworks",
					"@loader_path/Frameworks",
				);
				PRODUCT_BUNDLE_IDENTIFIER = Omar.iOSTechnicalTaskUnitTests;
				PRODUCT_NAME = "$(TARGET_NAME)";
				SWIFT_VERSION = 5.0;
				TARGETED_DEVICE_FAMILY = "1,2";
				TEST_HOST = "$(BUILT_PRODUCTS_DIR)/iOSTechnicalTask.app/iOSTechnicalTask";
			};
			name = Debug;
		};
		04CCEA2B25F3B3AD008303D9 /* Release */ = {
			isa = XCBuildConfiguration;
			buildSettings = {
				BUNDLE_LOADER = "$(TEST_HOST)";
				CODE_SIGN_STYLE = Automatic;
				INFOPLIST_FILE = iOSTechnicalTaskUnitTests/Info.plist;
				LD_RUNPATH_SEARCH_PATHS = (
					"$(inherited)",
					"@executable_path/Frameworks",
					"@loader_path/Frameworks",
				);
				PRODUCT_BUNDLE_IDENTIFIER = Omar.iOSTechnicalTaskUnitTests;
				PRODUCT_NAME = "$(TARGET_NAME)";
				SWIFT_VERSION = 5.0;
				TARGETED_DEVICE_FAMILY = "1,2";
				TEST_HOST = "$(BUILT_PRODUCTS_DIR)/iOSTechnicalTask.app/iOSTechnicalTask";
			};
			name = Release;
		};
/* End XCBuildConfiguration section */

/* Begin XCConfigurationList section */
		049A2EAC25F16996009A04FA /* Build configuration list for PBXProject "iOSTechnicalTask" */ = {
			isa = XCConfigurationList;
			buildConfigurations = (
				049A2EC325F1699B009A04FA /* Debug */,
				049A2EC425F1699B009A04FA /* Release */,
			);
			defaultConfigurationIsVisible = 0;
			defaultConfigurationName = Release;
		};
		049A2EC525F1699B009A04FA /* Build configuration list for PBXNativeTarget "iOSTechnicalTask" */ = {
			isa = XCConfigurationList;
			buildConfigurations = (
				049A2EC625F1699B009A04FA /* Debug */,
				049A2EC725F1699B009A04FA /* Release */,
			);
			defaultConfigurationIsVisible = 0;
			defaultConfigurationName = Release;
		};
		04CCEA2925F3B3AD008303D9 /* Build configuration list for PBXNativeTarget "iOSTechnicalTaskUnitTests" */ = {
			isa = XCConfigurationList;
			buildConfigurations = (
				04CCEA2A25F3B3AD008303D9 /* Debug */,
				04CCEA2B25F3B3AD008303D9 /* Release */,
			);
			defaultConfigurationIsVisible = 0;
			defaultConfigurationName = Release;
		};
/* End XCConfigurationList section */
	};
	rootObject = 049A2EA925F16996009A04FA /* Project object */;
}
